
Microsoft Visual Studio Solution File, Format Version 12.00
# Visual Studio Version 17
VisualStudioVersion = 17.1.32328.378
MinimumVisualStudioVersion = 10.0.40219.1
Project("{FAE04EC0-301F-11D3-BF4B-00C04F79EFBC}") = "aamarPay-asp-dot-net-core", "aamarPay-asp-dot-net-core.csproj", "{4C639E41-78F4-4044-A79F-D1B3F20D9A8B}"
EndProject
Global
	GlobalSection(SolutionConfigurationPlatforms) = preSolution
		Debug|Any CPU = Debug|Any CPU
		Release|Any CPU = Release|Any CPU
	EndGlobalSection
	GlobalSection(ProjectConfigurationPlatforms) = postSolution
		{4C639E41-78F4-4044-A79F-D1B3F20D9A8B}.Debug|Any CPU.ActiveCfg = Debug|Any CPU
		{4C639E41-78F4-4044-A79F-D1B3F20D9A8B}.Debug|Any CPU.Build.0 = Debug|Any CPU
		{4C639E41-78F4-4044-A79F-D1B3F20D9A8B}.Release|Any CPU.ActiveCfg = Release|Any CPU
		{4C639E41-78F4-4044-A79F-D1B3F20D9A8B}.Release|Any CPU.Build.0 = Release|Any CPU
	EndGlobalSection
	GlobalSection(SolutionProperties) = preSolution
		HideSolutionNode = FALSE
	EndGlobalSection
	GlobalSection(ExtensibilityGlobals) = postSolution
		SolutionGuid = {B574CB32-7A76-49FD-9D0E-4EFA11A1D0F4}
	EndGlobalSection
EndGlobal
